
Microsoft Visual Studio Solution File, Format Version 12.00
# Visual Studio Version 17
VisualStudioVersion = 17.1.32210.238
MinimumVisualStudioVersion = 10.0.40219.1
Project("{FAE04EC0-301F-11D3-BF4B-00C04F79EFBC}") = "myQueuingSystem", "myQueuingSystem.csproj", "{8C097F41-0384-4971-8F2B-9227755CF939}"
EndProject
Global
	GlobalSection(SolutionConfigurationPlatforms) = preSolution
		Debug|Any CPU = Debug|Any CPU
		Release|Any CPU = Release|Any CPU
	EndGlobalSection
	GlobalSection(ProjectConfigurationPlatforms) = postSolution
		{8C097F41-0384-4971-8F2B-9227755CF939}.Debug|Any CPU.ActiveCfg = Debug|Any CPU
		{8C097F41-0384-4971-8F2B-9227755CF939}.Debug|Any CPU.Build.0 = Debug|Any CPU
		{8C097F41-0384-4971-8F2B-9227755CF939}.Release|Any CPU.ActiveCfg = Release|Any CPU
		{8C097F41-0384-4971-8F2B-9227755CF939}.Release|Any CPU.Build.0 = Release|Any CPU
	EndGlobalSection
	GlobalSection(SolutionProperties) = preSolution
		HideSolutionNode = FALSE
	EndGlobalSection
	GlobalSection(ExtensibilityGlobals) = postSolution
		SolutionGuid = {18410F8C-C0EA-411E-866F-C5BD2A2AED07}
	EndGlobalSection
EndGlobal
